// !$*UTF8*$!
{
	archiveVersion = 1;
	classes = {
	};
	objectVersion = 56;
	objects = {

/* Begin PBXBuildFile section */
		7E6A073B29AB06E7005B711E /* Memo.swift in Sources */ = {isa = PBXBuildFile; fileRef = 7E6A073A29AB06E7005B711E /* Memo.swift */; };
		7E89BEF729AB02530046121E /* AppDelegate.swift in Sources */ = {isa = PBXBuildFile; fileRef = 7E89BEF629AB02530046121E /* AppDelegate.swift */; };
		7E89BEF929AB02530046121E /* SceneDelegate.swift in Sources */ = {isa = PBXBuildFile; fileRef = 7E89BEF829AB02530046121E /* SceneDelegate.swift */; };
		7E89BEFE29AB02530046121E /* Main.storyboard in Resources */ = {isa = PBXBuildFile; fileRef = 7E89BEFC29AB02530046121E /* Main.storyboard */; };
		7E89BF0129AB02530046121E /* RxMemo.xcdatamodeld in Sources */ = {isa = PBXBuildFile; fileRef = 7E89BEFF29AB02530046121E /* RxMemo.xcdatamodeld */; };
		7E89BF0629AB02550046121E /* LaunchScreen.storyboard in Resources */ = {isa = PBXBuildFile; fileRef = 7E89BF0429AB02550046121E /* LaunchScreen.storyboard */; };
		7E89BF0E29AB02F60046121E /* Assets.xcassets in Resources */ = {isa = PBXBuildFile; fileRef = 7E89BF0D29AB02F60046121E /* Assets.xcassets */; };
		CCB830A4F4C30198F4E8E0AB /* Pods_RxMemo.framework in Frameworks */ = {isa = PBXBuildFile; fileRef = 72571117B27B47DAB97CCDA2 /* Pods_RxMemo.framework */; };
/* End PBXBuildFile section */

/* Begin PBXFileReference section */
		72571117B27B47DAB97CCDA2 /* Pods_RxMemo.framework */ = {isa = PBXFileReference; explicitFileType = wrapper.framework; includeInIndex = 0; path = Pods_RxMemo.framework; sourceTree = BUILT_PRODUCTS_DIR; };
		7E6A073429AB0567005B711E /* Scene.md */ = {isa = PBXFileReference; lastKnownFileType = net.daringfireball.markdown; path = Scene.md; sourceTree = "<group>"; };
		7E6A073529AB057F005B711E /* ViewController.md */ = {isa = PBXFileReference; lastKnownFileType = net.daringfireball.markdown; path = ViewController.md; sourceTree = "<group>"; };
		7E6A073629AB0585005B711E /* ViewModel.md */ = {isa = PBXFileReference; lastKnownFileType = net.daringfireball.markdown; path = ViewModel.md; sourceTree = "<group>"; };
		7E6A073729AB059B005B711E /* Service.md */ = {isa = PBXFileReference; lastKnownFileType = net.daringfireball.markdown; path = Service.md; sourceTree = "<group>"; };
		7E6A073829AB05A9005B711E /* Model.md */ = {isa = PBXFileReference; lastKnownFileType = net.daringfireball.markdown; path = Model.md; sourceTree = "<group>"; };
		7E6A073929AB0664005B711E /* README.md */ = {isa = PBXFileReference; lastKnownFileType = net.daringfireball.markdown; path = README.md; sourceTree = "<group>"; };
		7E6A073A29AB06E7005B711E /* Memo.swift */ = {isa = PBXFileReference; lastKnownFileType = sourcecode.swift; path = Memo.swift; sourceTree = "<group>"; };
		7E89BEF329AB02530046121E /* RxMemo.app */ = {isa = PBXFileReference; explicitFileType = wrapper.application; includeInIndex = 0; path = RxMemo.app; sourceTree = BUILT_PRODUCTS_DIR; };
		7E89BEF629AB02530046121E /* AppDelegate.swift */ = {isa = PBXFileReference; lastKnownFileType = sourcecode.swift; path = AppDelegate.swift; sourceTree = "<group>"; };
		7E89BEF829AB02530046121E /* SceneDelegate.swift */ = {isa = PBXFileReference; lastKnownFileType = sourcecode.swift; path = SceneDelegate.swift; sourceTree = "<group>"; };
		7E89BEFD29AB02530046121E /* Base */ = {isa = PBXFileReference; lastKnownFileType = file.storyboard; name = Base; path = Base.lproj/Main.storyboard; sourceTree = "<group>"; };
		7E89BF0029AB02530046121E /* RxMemo.xcdatamodel */ = {isa = PBXFileReference; lastKnownFileType = wrapper.xcdatamodel; path = RxMemo.xcdatamodel; sourceTree = "<group>"; };
		7E89BF0529AB02550046121E /* Base */ = {isa = PBXFileReference; lastKnownFileType = file.storyboard; name = Base; path = Base.lproj/LaunchScreen.storyboard; sourceTree = "<group>"; };
		7E89BF0729AB02550046121E /* Info.plist */ = {isa = PBXFileReference; lastKnownFileType = text.plist.xml; path = Info.plist; sourceTree = "<group>"; };
		7E89BF0D29AB02F60046121E /* Assets.xcassets */ = {isa = PBXFileReference; lastKnownFileType = folder.assetcatalog; name = Assets.xcassets; path = ../../../AppIcons/Assets.xcassets; sourceTree = "<group>"; };
		8ABB0121DD8E89C25830409F /* Pods-RxMemo.release.xcconfig */ = {isa = PBXFileReference; includeInIndex = 1; lastKnownFileType = text.xcconfig; name = "Pods-RxMemo.release.xcconfig"; path = "Target Support Files/Pods-RxMemo/Pods-RxMemo.release.xcconfig"; sourceTree = "<group>"; };
		AEF1062FA9153B8E9F7BEA23 /* Pods-RxMemo.debug.xcconfig */ = {isa = PBXFileReference; includeInIndex = 1; lastKnownFileType = text.xcconfig; name = "Pods-RxMemo.debug.xcconfig"; path = "Target Support Files/Pods-RxMemo/Pods-RxMemo.debug.xcconfig"; sourceTree = "<group>"; };
/* End PBXFileReference section */

/* Begin PBXFrameworksBuildPhase section */
		7E89BEF029AB02530046121E /* Frameworks */ = {
			isa = PBXFrameworksBuildPhase;
			buildActionMask = 2147483647;
			files = (
				CCB830A4F4C30198F4E8E0AB /* Pods_RxMemo.framework in Frameworks */,
			);
			runOnlyForDeploymentPostprocessing = 0;
		};
/* End PBXFrameworksBuildPhase section */

/* Begin PBXGroup section */
		1D241DBB7F2CDF5FFA2E4014 /* Pods */ = {
			isa = PBXGroup;
			children = (
				AEF1062FA9153B8E9F7BEA23 /* Pods-RxMemo.debug.xcconfig */,
				8ABB0121DD8E89C25830409F /* Pods-RxMemo.release.xcconfig */,
			);
			path = Pods;
			sourceTree = "<group>";
		};
		7E6A072E29AB0502005B711E /* Model */ = {
			isa = PBXGroup;
			children = (
				7E6A073829AB05A9005B711E /* Model.md */,
				7E6A073A29AB06E7005B711E /* Memo.swift */,
			);
			path = Model;
			sourceTree = "<group>";
		};
		7E6A072F29AB050A005B711E /* ViewModel */ = {
			isa = PBXGroup;
			children = (
				7E6A073629AB0585005B711E /* ViewModel.md */,
			);
			path = ViewModel;
			sourceTree = "<group>";
		};
		7E6A073029AB050D005B711E /* ViewController */ = {
			isa = PBXGroup;
			children = (
				7E6A073529AB057F005B711E /* ViewController.md */,
				7E89BEFC29AB02530046121E /* Main.storyboard */,
				7E89BF0429AB02550046121E /* LaunchScreen.storyboard */,
			);
			path = ViewController;
			sourceTree = "<group>";
		};
		7E6A073129AB0546005B711E /* Service */ = {
			isa = PBXGroup;
			children = (
				7E6A073729AB059B005B711E /* Service.md */,
			);
			path = Service;
			sourceTree = "<group>";
		};
		7E6A073229AB0553005B711E /* Scene */ = {
			isa = PBXGroup;
			children = (
				7E6A073429AB0567005B711E /* Scene.md */,
			);
			path = Scene;
			sourceTree = "<group>";
		};
		7E89BEEA29AB02530046121E = {
			isa = PBXGroup;
			children = (
				7E6A073929AB0664005B711E /* README.md */,
				7E89BEF529AB02530046121E /* RxMemo */,
				7E89BEF429AB02530046121E /* Products */,
				1D241DBB7F2CDF5FFA2E4014 /* Pods */,
				BD11D63E158078A5A6B2E46E /* Frameworks */,
			);
			sourceTree = "<group>";
		};
		7E89BEF429AB02530046121E /* Products */ = {
			isa = PBXGroup;
			children = (
				7E89BEF329AB02530046121E /* RxMemo.app */,
			);
			name = Products;
			sourceTree = "<group>";
		};
		7E89BEF529AB02530046121E /* RxMemo */ = {
			isa = PBXGroup;
			children = (
				7E6A073229AB0553005B711E /* Scene */,
				7E6A073129AB0546005B711E /* Service */,
				7E6A073029AB050D005B711E /* ViewController */,
				7E6A072F29AB050A005B711E /* ViewModel */,
				7E6A072E29AB0502005B711E /* Model */,
				7E89BEF629AB02530046121E /* AppDelegate.swift */,
				7E89BEF829AB02530046121E /* SceneDelegate.swift */,
				7E89BF0D29AB02F60046121E /* Assets.xcassets */,
				7E89BF0729AB02550046121E /* Info.plist */,
				7E89BEFF29AB02530046121E /* RxMemo.xcdatamodeld */,
			);
			path = RxMemo;
			sourceTree = "<group>";
		};
		BD11D63E158078A5A6B2E46E /* Frameworks */ = {
			isa = PBXGroup;
			children = (
				72571117B27B47DAB97CCDA2 /* Pods_RxMemo.framework */,
			);
			name = Frameworks;
			sourceTree = "<group>";
		};
/* End PBXGroup section */

/* Begin PBXNativeTarget section */
		7E89BEF229AB02530046121E /* RxMemo */ = {
			isa = PBXNativeTarget;
			buildConfigurationList = 7E89BF0A29AB02550046121E /* Build configuration list for PBXNativeTarget "RxMemo" */;
			buildPhases = (
				2D549DCF395B8E46770DD7E2 /* [CP] Check Pods Manifest.lock */,
				7E89BEEF29AB02530046121E /* Sources */,
				7E89BEF029AB02530046121E /* Frameworks */,
				7E89BEF129AB02530046121E /* Resources */,
				D7F179C7A0D4253BF28E6B87 /* [CP] Embed Pods Frameworks */,
			);
			buildRules = (
			);
			dependencies = (
			);
			name = RxMemo;
			productName = RxMemo;
			productReference = 7E89BEF329AB02530046121E /* RxMemo.app */;
			productType = "com.apple.product-type.application";
		};
/* End PBXNativeTarget section */

/* Begin PBXProject section */
		7E89BEEB29AB02530046121E /* Project object */ = {
			isa = PBXProject;
			attributes = {
				BuildIndependentTargetsInParallel = 1;
				LastSwiftUpdateCheck = 1420;
				LastUpgradeCheck = 1420;
				TargetAttributes = {
					7E89BEF229AB02530046121E = {
						CreatedOnToolsVersion = 14.2;
					};
				};
			};
			buildConfigurationList = 7E89BEEE29AB02530046121E /* Build configuration list for PBXProject "RxMemo" */;
			compatibilityVersion = "Xcode 14.0";
			developmentRegion = en;
			hasScannedForEncodings = 0;
			knownRegions = (
				en,
				Base,
			);
			mainGroup = 7E89BEEA29AB02530046121E;
			productRefGroup = 7E89BEF429AB02530046121E /* Products */;
			projectDirPath = "";
			projectRoot = "";
			targets = (
				7E89BEF229AB02530046121E /* RxMemo */,
			);
		};
/* End PBXProject section */

/* Begin PBXResourcesBuildPhase section */
		7E89BEF129AB02530046121E /* Resources */ = {
			isa = PBXResourcesBuildPhase;
			buildActionMask = 2147483647;
			files = (
				7E89BF0629AB02550046121E /* LaunchScreen.storyboard in Resources */,
				7E89BF0E29AB02F60046121E /* Assets.xcassets in Resources */,
				7E89BEFE29AB02530046121E /* Main.storyboard in Resources */,
			);
			runOnlyForDeploymentPostprocessing = 0;
		};
/* End PBXResourcesBuildPhase section */

/* Begin PBXShellScriptBuildPhase section */
		2D549DCF395B8E46770DD7E2 /* [CP] Check Pods Manifest.lock */ = {
			isa = PBXShellScriptBuildPhase;
			buildActionMask = 2147483647;
			files = (
			);
			inputFileListPaths = (
			);
			inputPaths = (
				"${PODS_PODFILE_DIR_PATH}/Podfile.lock",
				"${PODS_ROOT}/Manifest.lock",
			);
			name = "[CP] Check Pods Manifest.lock";
			outputFileListPaths = (
			);
			outputPaths = (
				"$(DERIVED_FILE_DIR)/Pods-RxMemo-checkManifestLockResult.txt",
			);
			runOnlyForDeploymentPostprocessing = 0;
			shellPath = /bin/sh;
			shellScript = "diff \"${PODS_PODFILE_DIR_PATH}/Podfile.lock\" \"${PODS_ROOT}/Manifest.lock\" > /dev/null\nif [ $? != 0 ] ; then\n    # print error to STDERR\n    echo \"error: The sandbox is not in sync with the Podfile.lock. Run 'pod install' or update your CocoaPods installation.\" >&2\n    exit 1\nfi\n# This output is used by Xcode 'outputs' to avoid re-running this script phase.\necho \"SUCCESS\" > \"${SCRIPT_OUTPUT_FILE_0}\"\n";
			showEnvVarsInLog = 0;
		};
		D7F179C7A0D4253BF28E6B87 /* [CP] Embed Pods Frameworks */ = {
			isa = PBXShellScriptBuildPhase;
			buildActionMask = 2147483647;
			files = (
			);
			inputFileListPaths = (
				"${PODS_ROOT}/Target Support Files/Pods-RxMemo/Pods-RxMemo-frameworks-${CONFIGURATION}-input-files.xcfilelist",
			);
			name = "[CP] Embed Pods Frameworks";
			outputFileListPaths = (
				"${PODS_ROOT}/Target Support Files/Pods-RxMemo/Pods-RxMemo-frameworks-${CONFIGURATION}-output-files.xcfilelist",
			);
			runOnlyForDeploymentPostprocessing = 0;
			shellPath = /bin/sh;
			shellScript = "\"${PODS_ROOT}/Target Support Files/Pods-RxMemo/Pods-RxMemo-frameworks.sh\"\n";
			showEnvVarsInLog = 0;
		};
/* End PBXShellScriptBuildPhase section */

/* Begin PBXSourcesBuildPhase section */
		7E89BEEF29AB02530046121E /* Sources */ = {
			isa = PBXSourcesBuildPhase;
			buildActionMask = 2147483647;
			files = (
				7E89BEF729AB02530046121E /* AppDelegate.swift in Sources */,
				7E89BEF929AB02530046121E /* SceneDelegate.swift in Sources */,
				7E89BF0129AB02530046121E /* RxMemo.xcdatamodeld in Sources */,
				7E6A073B29AB06E7005B711E /* Memo.swift in Sources */,
			);
			runOnlyForDeploymentPostprocessing = 0;
		};
/* End PBXSourcesBuildPhase section */

/* Begin PBXVariantGroup section */
		7E89BEFC29AB02530046121E /* Main.storyboard */ = {
			isa = PBXVariantGroup;
			children = (
				7E89BEFD29AB02530046121E /* Base */,
			);
			name = Main.storyboard;
			sourceTree = "<group>";
		};
		7E89BF0429AB02550046121E /* LaunchScreen.storyboard */ = {
			isa = PBXVariantGroup;
			children = (
				7E89BF0529AB02550046121E /* Base */,
			);
			name = LaunchScreen.storyboard;
			sourceTree = "<group>";
		};
/* End PBXVariantGroup section */

/* Begin XCBuildConfiguration section */
		7E89BF0829AB02550046121E /* Debug */ = {
			isa = XCBuildConfiguration;
			buildSettings = {
				ALWAYS_SEARCH_USER_PATHS = NO;
				CLANG_ANALYZER_NONNULL = YES;
				CLANG_ANALYZER_NUMBER_OBJECT_CONVERSION = YES_AGGRESSIVE;
				CLANG_CXX_LANGUAGE_STANDARD = "gnu++20";
				CLANG_ENABLE_MODULES = YES;
				CLANG_ENABLE_OBJC_ARC = YES;
				CLANG_ENABLE_OBJC_WEAK = YES;
				CLANG_WARN_BLOCK_CAPTURE_AUTORELEASING = YES;
				CLANG_WARN_BOOL_CONVERSION = YES;
				CLANG_WARN_COMMA = YES;
				CLANG_WARN_CONSTANT_CONVERSION = YES;
				CLANG_WARN_DEPRECATED_OBJC_IMPLEMENTATIONS = YES;
				CLANG_WARN_DIRECT_OBJC_ISA_USAGE = YES_ERROR;
				CLANG_WARN_DOCUMENTATION_COMMENTS = YES;
				CLANG_WARN_EMPTY_BODY = YES;
				CLANG_WARN_ENUM_CONVERSION = YES;
				CLANG_WARN_INFINITE_RECURSION = YES;
				CLANG_WARN_INT_CONVERSION = YES;
				CLANG_WARN_NON_LITERAL_NULL_CONVERSION = YES;
				CLANG_WARN_OBJC_IMPLICIT_RETAIN_SELF = YES;
				CLANG_WARN_OBJC_LITERAL_CONVERSION = YES;
				CLANG_WARN_OBJC_ROOT_CLASS = YES_ERROR;
				CLANG_WARN_QUOTED_INCLUDE_IN_FRAMEWORK_HEADER = YES;
				CLANG_WARN_RANGE_LOOP_ANALYSIS = YES;
				CLANG_WARN_STRICT_PROTOTYPES = YES;
				CLANG_WARN_SUSPICIOUS_MOVE = YES;
				CLANG_WARN_UNGUARDED_AVAILABILITY = YES_AGGRESSIVE;
				CLANG_WARN_UNREACHABLE_CODE = YES;
				CLANG_WARN__DUPLICATE_METHOD_MATCH = YES;
				COPY_PHASE_STRIP = NO;
				DEBUG_INFORMATION_FORMAT = dwarf;
				ENABLE_STRICT_OBJC_MSGSEND = YES;
				ENABLE_TESTABILITY = YES;
				GCC_C_LANGUAGE_STANDARD = gnu11;
				GCC_DYNAMIC_NO_PIC = NO;
				GCC_NO_COMMON_BLOCKS = YES;
				GCC_OPTIMIZATION_LEVEL = 0;
				GCC_PREPROCESSOR_DEFINITIONS = (
					"DEBUG=1",
					"$(inherited)",
				);
				GCC_WARN_64_TO_32_BIT_CONVERSION = YES;
				GCC_WARN_ABOUT_RETURN_TYPE = YES_ERROR;
				GCC_WARN_UNDECLARED_SELECTOR = YES;
				GCC_WARN_UNINITIALIZED_AUTOS = YES_AGGRESSIVE;
				GCC_WARN_UNUSED_FUNCTION = YES;
				GCC_WARN_UNUSED_VARIABLE = YES;
				IPHONEOS_DEPLOYMENT_TARGET = 16.2;
				MTL_ENABLE_DEBUG_INFO = INCLUDE_SOURCE;
				MTL_FAST_MATH = YES;
				ONLY_ACTIVE_ARCH = YES;
				SDKROOT = iphoneos;
				SWIFT_ACTIVE_COMPILATION_CONDITIONS = DEBUG;
				SWIFT_OPTIMIZATION_LEVEL = "-Onone";
			};
			name = Debug;
		};
		7E89BF0929AB02550046121E /* Release */ = {
			isa = XCBuildConfiguration;
			buildSettings = {
				ALWAYS_SEARCH_USER_PATHS = NO;
				CLANG_ANALYZER_NONNULL = YES;
				CLANG_ANALYZER_NUMBER_OBJECT_CONVERSION = YES_AGGRESSIVE;
				CLANG_CXX_LANGUAGE_STANDARD = "gnu++20";
				CLANG_ENABLE_MODULES = YES;
				CLANG_ENABLE_OBJC_ARC = YES;
				CLANG_ENABLE_OBJC_WEAK = YES;
				CLANG_WARN_BLOCK_CAPTURE_AUTORELEASING = YES;
				CLANG_WARN_BOOL_CONVERSION = YES;
				CLANG_WARN_COMMA = YES;
				CLANG_WARN_CONSTANT_CONVERSION = YES;
				CLANG_WARN_DEPRECATED_OBJC_IMPLEMENTATIONS = YES;
				CLANG_WARN_DIRECT_OBJC_ISA_USAGE = YES_ERROR;
				CLANG_WARN_DOCUMENTATION_COMMENTS = YES;
				CLANG_WARN_EMPTY_BODY = YES;
				CLANG_WARN_ENUM_CONVERSION = YES;
				CLANG_WARN_INFINITE_RECURSION = YES;
				CLANG_WARN_INT_CONVERSION = YES;
				CLANG_WARN_NON_LITERAL_NULL_CONVERSION = YES;
				CLANG_WARN_OBJC_IMPLICIT_RETAIN_SELF = YES;
				CLANG_WARN_OBJC_LITERAL_CONVERSION = YES;
				CLANG_WARN_OBJC_ROOT_CLASS = YES_ERROR;
				CLANG_WARN_QUOTED_INCLUDE_IN_FRAMEWORK_HEADER = YES;
				CLANG_WARN_RANGE_LOOP_ANALYSIS = YES;
				CLANG_WARN_STRICT_PROTOTYPES = YES;
				CLANG_WARN_SUSPICIOUS_MOVE = YES;
				CLANG_WARN_UNGUARDED_AVAILABILITY = YES_AGGRESSIVE;
				CLANG_WARN_UNREACHABLE_CODE = YES;
				CLANG_WARN__DUPLICATE_METHOD_MATCH = YES;
				COPY_PHASE_STRIP = NO;
				DEBUG_INFORMATION_FORMAT = "dwarf-with-dsym";
				ENABLE_NS_ASSERTIONS = NO;
				ENABLE_STRICT_OBJC_MSGSEND = YES;
				GCC_C_LANGUAGE_STANDARD = gnu11;
				GCC_NO_COMMON_BLOCKS = YES;
				GCC_WARN_64_TO_32_BIT_CONVERSION = YES;
				GCC_WARN_ABOUT_RETURN_TYPE = YES_ERROR;
				GCC_WARN_UNDECLARED_SELECTOR = YES;
				GCC_WARN_UNINITIALIZED_AUTOS = YES_AGGRESSIVE;
				GCC_WARN_UNUSED_FUNCTION = YES;
				GCC_WARN_UNUSED_VARIABLE = YES;
				IPHONEOS_DEPLOYMENT_TARGET = 16.2;
				MTL_ENABLE_DEBUG_INFO = NO;
				MTL_FAST_MATH = YES;
				SDKROOT = iphoneos;
				SWIFT_COMPILATION_MODE = wholemodule;
				SWIFT_OPTIMIZATION_LEVEL = "-O";
				VALIDATE_PRODUCT = YES;
			};
			name = Release;
		};
		7E89BF0B29AB02550046121E /* Debug */ = {
			isa = XCBuildConfiguration;
			baseConfigurationReference = AEF1062FA9153B8E9F7BEA23 /* Pods-RxMemo.debug.xcconfig */;
			buildSettings = {
				ASSETCATALOG_COMPILER_APPICON_NAME = AppIcon;
				ASSETCATALOG_COMPILER_GLOBAL_ACCENT_COLOR_NAME = AccentColor;
				CODE_SIGN_STYLE = Automatic;
				CURRENT_PROJECT_VERSION = 1;
				DEVELOPMENT_TEAM = NL7TARX6W5;
				GENERATE_INFOPLIST_FILE = YES;
				INFOPLIST_FILE = RxMemo/Info.plist;
				INFOPLIST_KEY_LSApplicationCategoryType = "public.app-category.productivity";
				INFOPLIST_KEY_UIApplicationSupportsIndirectInputEvents = YES;
				INFOPLIST_KEY_UILaunchStoryboardName = LaunchScreen;
				INFOPLIST_KEY_UIMainStoryboardFile = Main;
				INFOPLIST_KEY_UISupportedInterfaceOrientations_iPad = "UIInterfaceOrientationPortrait UIInterfaceOrientationPortraitUpsideDown UIInterfaceOrientationLandscapeLeft UIInterfaceOrientationLandscapeRight";
				INFOPLIST_KEY_UISupportedInterfaceOrientations_iPhone = "UIInterfaceOrientationPortrait UIInterfaceOrientationLandscapeLeft UIInterfaceOrientationLandscapeRight";
				IPHONEOS_DEPLOYMENT_TARGET = 13.0;
				LD_RUNPATH_SEARCH_PATHS = (
					"$(inherited)",
					"@executable_path/Frameworks",
				);
				MARKETING_VERSION = 1.0;
				PRODUCT_BUNDLE_IDENTIFIER = com.newkayak12.RxMemo;
				PRODUCT_NAME = "$(TARGET_NAME)";
				SWIFT_EMIT_LOC_STRINGS = YES;
				SWIFT_VERSION = 5.0;
				TARGETED_DEVICE_FAMILY = "1,2";
			};
			name = Debug;
		};
		7E89BF0C29AB02550046121E /* Release */ = {
			isa = XCBuildConfiguration;
			baseConfigurationReference = 8ABB0121DD8E89C25830409F /* Pods-RxMemo.release.xcconfig */;
			buildSettings = {
				ASSETCATALOG_COMPILER_APPICON_NAME = AppIcon;
				ASSETCATALOG_COMPILER_GLOBAL_ACCENT_COLOR_NAME = AccentColor;
				CODE_SIGN_STYLE = Automatic;
				CURRENT_PROJECT_VERSION = 1;
				DEVELOPMENT_TEAM = NL7TARX6W5;
				GENERATE_INFOPLIST_FILE = YES;
				INFOPLIST_FILE = RxMemo/Info.plist;
				INFOPLIST_KEY_LSApplicationCategoryType = "public.app-category.productivity";
				INFOPLIST_KEY_UIApplicationSupportsIndirectInputEvents = YES;
				INFOPLIST_KEY_UILaunchStoryboardName = LaunchScreen;
				INFOPLIST_KEY_UIMainStoryboardFile = Main;
				INFOPLIST_KEY_UISupportedInterfaceOrientations_iPad = "UIInterfaceOrientationPortrait UIInterfaceOrientationPortraitUpsideDown UIInterfaceOrientationLandscapeLeft UIInterfaceOrientationLandscapeRight";
				INFOPLIST_KEY_UISupportedInterfaceOrientations_iPhone = "UIInterfaceOrientationPortrait UIInterfaceOrientationLandscapeLeft UIInterfaceOrientationLandscapeRight";
				IPHONEOS_DEPLOYMENT_TARGET = 13.0;
				LD_RUNPATH_SEARCH_PATHS = (
					"$(inherited)",
					"@executable_path/Frameworks",
				);
				MARKETING_VERSION = 1.0;
				PRODUCT_BUNDLE_IDENTIFIER = com.newkayak12.RxMemo;
				PRODUCT_NAME = "$(TARGET_NAME)";
				SWIFT_EMIT_LOC_STRINGS = YES;
				SWIFT_VERSION = 5.0;
				TARGETED_DEVICE_FAMILY = "1,2";
			};
			name = Release;
		};
/* End XCBuildConfiguration section */

/* Begin XCConfigurationList section */
		7E89BEEE29AB02530046121E /* Build configuration list for PBXProject "RxMemo" */ = {
			isa = XCConfigurationList;
			buildConfigurations = (
				7E89BF0829AB02550046121E /* Debug */,
				7E89BF0929AB02550046121E /* Release */,
			);
			defaultConfigurationIsVisible = 0;
			defaultConfigurationName = Release;
		};
		7E89BF0A29AB02550046121E /* Build configuration list for PBXNativeTarget "RxMemo" */ = {
			isa = XCConfigurationList;
			buildConfigurations = (
				7E89BF0B29AB02550046121E /* Debug */,
				7E89BF0C29AB02550046121E /* Release */,
			);
			defaultConfigurationIsVisible = 0;
			defaultConfigurationName = Release;
		};
/* End XCConfigurationList section */

/* Begin XCVersionGroup section */
		7E89BEFF29AB02530046121E /* RxMemo.xcdatamodeld */ = {
			isa = XCVersionGroup;
			children = (
				7E89BF0029AB02530046121E /* RxMemo.xcdatamodel */,
			);
			currentVersion = 7E89BF0029AB02530046121E /* RxMemo.xcdatamodel */;
			path = RxMemo.xcdatamodeld;
			sourceTree = "<group>";
			versionGroupType = wrapper.xcdatamodel;
		};
/* End XCVersionGroup section */
	};
	rootObject = 7E89BEEB29AB02530046121E /* Project object */;
}
